
Microsoft Visual Studio Solution File, Format Version 12.00
# Visual Studio 15
VisualStudioVersion = 15.0.26430.13
MinimumVisualStudioVersion = 10.0.40219.1
Project("{FAE04EC0-301F-11D3-BF4B-00C04F79EFBC}") = "Console", "Console\Console.csproj", "{58AF0C7D-CEF6-4D30-9F8E-2490C50EE7BF}"
EndProject
Project("{FAE04EC0-301F-11D3-BF4B-00C04F79EFBC}") = "Analityc.Domain.Interfaces", "Analityc.Domain.Interfaces\Analityc.Domain.Interfaces.csproj", "{E5CD6028-BC66-4936-B3BB-7A4B03917A93}"
EndProject
Project("{FAE04EC0-301F-11D3-BF4B-00C04F79EFBC}") = "Analityc.Domain.Implementation", "Analityc.Domain.Implementation\Analityc.Domain.Implementation.csproj", "{C1CF09AB-68A6-4B18-B427-2DBE121BD76A}"
EndProject
Project("{FAE04EC0-301F-11D3-BF4B-00C04F79EFBC}") = "Analityc.Domain.Unit.Test", "Analityc.Domain.Unit.Test\Analityc.Domain.Unit.Test.csproj", "{299BFA89-8C61-4048-8D37-DF58E60991F4}"
EndProject
Global
	GlobalSection(SolutionConfigurationPlatforms) = preSolution
		Debug|Any CPU = Debug|Any CPU
		Release|Any CPU = Release|Any CPU
	EndGlobalSection
	GlobalSection(ProjectConfigurationPlatforms) = postSolution
		{58AF0C7D-CEF6-4D30-9F8E-2490C50EE7BF}.Debug|Any CPU.ActiveCfg = Debug|Any CPU
		{58AF0C7D-CEF6-4D30-9F8E-2490C50EE7BF}.Debug|Any CPU.Build.0 = Debug|Any CPU
		{58AF0C7D-CEF6-4D30-9F8E-2490C50EE7BF}.Release|Any CPU.ActiveCfg = Release|Any CPU
		{58AF0C7D-CEF6-4D30-9F8E-2490C50EE7BF}.Release|Any CPU.Build.0 = Release|Any CPU
		{E5CD6028-BC66-4936-B3BB-7A4B03917A93}.Debug|Any CPU.ActiveCfg = Debug|Any CPU
		{E5CD6028-BC66-4936-B3BB-7A4B03917A93}.Debug|Any CPU.Build.0 = Debug|Any CPU
		{E5CD6028-BC66-4936-B3BB-7A4B03917A93}.Release|Any CPU.ActiveCfg = Release|Any CPU
		{E5CD6028-BC66-4936-B3BB-7A4B03917A93}.Release|Any CPU.Build.0 = Release|Any CPU
		{C1CF09AB-68A6-4B18-B427-2DBE121BD76A}.Debug|Any CPU.ActiveCfg = Debug|Any CPU
		{C1CF09AB-68A6-4B18-B427-2DBE121BD76A}.Debug|Any CPU.Build.0 = Debug|Any CPU
		{C1CF09AB-68A6-4B18-B427-2DBE121BD76A}.Release|Any CPU.ActiveCfg = Release|Any CPU
		{C1CF09AB-68A6-4B18-B427-2DBE121BD76A}.Release|Any CPU.Build.0 = Release|Any CPU
		{299BFA89-8C61-4048-8D37-DF58E60991F4}.Debug|Any CPU.ActiveCfg = Debug|Any CPU
		{299BFA89-8C61-4048-8D37-DF58E60991F4}.Debug|Any CPU.Build.0 = Debug|Any CPU
		{299BFA89-8C61-4048-8D37-DF58E60991F4}.Release|Any CPU.ActiveCfg = Release|Any CPU
		{299BFA89-8C61-4048-8D37-DF58E60991F4}.Release|Any CPU.Build.0 = Release|Any CPU
	EndGlobalSection
	GlobalSection(SolutionProperties) = preSolution
		HideSolutionNode = FALSE
	EndGlobalSection
EndGlobal
